// !$*UTF8*$!
{
	archiveVersion = 1;
	classes = {
	};
	objectVersion = 50;
	objects = {

/* Begin PBXBuildFile section */
		1F014DC8257DC4930082969E /* URLServiceTests.swift in Sources */ = {isa = PBXBuildFile; fileRef = 1F014DC7257DC4930082969E /* URLServiceTests.swift */; };
		1F01DAC6257C237400E1F219 /* CoachRemoteDataService.swift in Sources */ = {isa = PBXBuildFile; fileRef = 1F01DAC5257C237400E1F219 /* CoachRemoteDataService.swift */; };
		1F01DACE257C240700E1F219 /* CoachRemoteDataServiceInputable.swift in Sources */ = {isa = PBXBuildFile; fileRef = 1F01DACD257C240700E1F219 /* CoachRemoteDataServiceInputable.swift */; };
		1F01DAD3257C248B00E1F219 /* CoachDataServiceInputable.swift in Sources */ = {isa = PBXBuildFile; fileRef = 1F01DAD2257C248B00E1F219 /* CoachDataServiceInputable.swift */; };
		1F01DADD257C285700E1F219 /* CoachRemoteDataServiceOutputable.swift in Sources */ = {isa = PBXBuildFile; fileRef = 1F01DADC257C285700E1F219 /* CoachRemoteDataServiceOutputable.swift */; };
		1F01DAE5257C2F6F00E1F219 /* LoggerService.swift in Sources */ = {isa = PBXBuildFile; fileRef = 1F01DAE4257C2F6E00E1F219 /* LoggerService.swift */; };
		1F01DAF5257C34CA00E1F219 /* URLService.swift in Sources */ = {isa = PBXBuildFile; fileRef = 1F01DAF4257C34CA00E1F219 /* URLService.swift */; };
		1F01DAFE257C34F000E1F219 /* URLServiceable.swift in Sources */ = {isa = PBXBuildFile; fileRef = 1F01DAFD257C34F000E1F219 /* URLServiceable.swift */; };
		1F01DB0B257C3D5000E1F219 /* RemoteDataServiceTests.swift in Sources */ = {isa = PBXBuildFile; fileRef = 1F01DB0A257C3D5000E1F219 /* RemoteDataServiceTests.swift */; };
		1F01DB21257C5C3600E1F219 /* MockRemoteDataServiceOutput.swift in Sources */ = {isa = PBXBuildFile; fileRef = 1F01DB20257C5C3600E1F219 /* MockRemoteDataServiceOutput.swift */; };
		1F01DB29257C611C00E1F219 /* MockRemoteServiceInput.swift in Sources */ = {isa = PBXBuildFile; fileRef = 1F01DB28257C611C00E1F219 /* MockRemoteServiceInput.swift */; };
		1F01DB44257C870400E1F219 /* CoachDataServiceOutputable.swift in Sources */ = {isa = PBXBuildFile; fileRef = 1F01DB43257C870400E1F219 /* CoachDataServiceOutputable.swift */; };
		1F01DB4C257C973D00E1F219 /* CoachInteractorOutputable.swift in Sources */ = {isa = PBXBuildFile; fileRef = 1F01DB4B257C973D00E1F219 /* CoachInteractorOutputable.swift */; };
		1F01DB51257C9A9A00E1F219 /* MockInteractorOutputManager.swift in Sources */ = {isa = PBXBuildFile; fileRef = 1F01DB50257C9A9A00E1F219 /* MockInteractorOutputManager.swift */; };
		1F181F36257E0B7D00694E64 /* CoachPresenterOutputable.swift in Sources */ = {isa = PBXBuildFile; fileRef = 1F181F35257E0B7D00694E64 /* CoachPresenterOutputable.swift */; };
		1F19A34A25795945008225F3 /* AppDelegate.swift in Sources */ = {isa = PBXBuildFile; fileRef = 1F19A34925795945008225F3 /* AppDelegate.swift */; };
		1F19A34C25795945008225F3 /* SceneDelegate.swift in Sources */ = {isa = PBXBuildFile; fileRef = 1F19A34B25795945008225F3 /* SceneDelegate.swift */; };
		1F19A34E25795945008225F3 /* StarterViewController.swift in Sources */ = {isa = PBXBuildFile; fileRef = 1F19A34D25795945008225F3 /* StarterViewController.swift */; };
		1F19A35125795945008225F3 /* Main.storyboard in Resources */ = {isa = PBXBuildFile; fileRef = 1F19A34F25795945008225F3 /* Main.storyboard */; };
		1F19A35425795945008225F3 /* StashCoach.xcdatamodeld in Sources */ = {isa = PBXBuildFile; fileRef = 1F19A35225795945008225F3 /* StashCoach.xcdatamodeld */; };
		1F19A35625795948008225F3 /* Assets.xcassets in Resources */ = {isa = PBXBuildFile; fileRef = 1F19A35525795948008225F3 /* Assets.xcassets */; };
		1F19A35925795948008225F3 /* LaunchScreen.storyboard in Resources */ = {isa = PBXBuildFile; fileRef = 1F19A35725795948008225F3 /* LaunchScreen.storyboard */; };
		1F19A36F25795948008225F3 /* StashCoachUITests.swift in Sources */ = {isa = PBXBuildFile; fileRef = 1F19A36E25795948008225F3 /* StashCoachUITests.swift */; };
		1F19A3C22579958D008225F3 /* achievements.json in Resources */ = {isa = PBXBuildFile; fileRef = 1F19A3C12579958D008225F3 /* achievements.json */; };
		1F19A3C7257B37AB008225F3 /* CoachInteractorTests.swift in Sources */ = {isa = PBXBuildFile; fileRef = 1F19A3C6257B37AB008225F3 /* CoachInteractorTests.swift */; };
		1F19A3CC257B3B02008225F3 /* CoachPresenterTests.swift in Sources */ = {isa = PBXBuildFile; fileRef = 1F19A3CB257B3B02008225F3 /* CoachPresenterTests.swift */; };
		1F19A3D1257B3BE4008225F3 /* CoachInteractor.swift in Sources */ = {isa = PBXBuildFile; fileRef = 1F19A3D0257B3BE4008225F3 /* CoachInteractor.swift */; };
		1F19A3D6257B3CB9008225F3 /* CoachInteractorInputable.swift in Sources */ = {isa = PBXBuildFile; fileRef = 1F19A3D5257B3CB9008225F3 /* CoachInteractorInputable.swift */; };
		1F19A3E3257B4419008225F3 /* CoachPresenter.swift in Sources */ = {isa = PBXBuildFile; fileRef = 1F19A3E2257B4419008225F3 /* CoachPresenter.swift */; };
		1F19A3EB257B4426008225F3 /* CoachPresenterInputable.swift in Sources */ = {isa = PBXBuildFile; fileRef = 1F19A3EA257B4426008225F3 /* CoachPresenterInputable.swift */; };
		1F19A3F4257B4450008225F3 /* CoachRouter.swift in Sources */ = {isa = PBXBuildFile; fileRef = 1F19A3F3257B4450008225F3 /* CoachRouter.swift */; };
		1F19A40C257C0FB8008225F3 /* MockAchievements.json in Resources */ = {isa = PBXBuildFile; fileRef = 1F19A40B257C0FB8008225F3 /* MockAchievements.json */; };
		1F19A422257C12C9008225F3 /* Achievement.swift in Sources */ = {isa = PBXBuildFile; fileRef = 1F19A421257C12C9008225F3 /* Achievement.swift */; };
		1F19A427257C1A34008225F3 /* MockAchievements.swift in Sources */ = {isa = PBXBuildFile; fileRef = 1F19A426257C1A34008225F3 /* MockAchievements.swift */; };
		1F19C31D257DD12300001FBB /* CoachViewController.swift in Sources */ = {isa = PBXBuildFile; fileRef = 1F19C31C257DD12300001FBB /* CoachViewController.swift */; };
		1F19C322257DDFEF00001FBB /* AchievementCollectionViewCell.swift in Sources */ = {isa = PBXBuildFile; fileRef = 1F19C321257DDFEF00001FBB /* AchievementCollectionViewCell.swift */; };
		1F19C338257DF01200001FBB /* CoachRoutable.swift in Sources */ = {isa = PBXBuildFile; fileRef = 1F19C337257DF01200001FBB /* CoachRoutable.swift */; };
		1F19C33D257DF0F100001FBB /* CoachStarterPresenter.swift in Sources */ = {isa = PBXBuildFile; fileRef = 1F19C33C257DF0F100001FBB /* CoachStarterPresenter.swift */; };
		1F19C342257DF39C00001FBB /* CoachStarterPresenterInputable.swift in Sources */ = {isa = PBXBuildFile; fileRef = 1F19C341257DF39C00001FBB /* CoachStarterPresenterInputable.swift */; };
		1F19C347257DF5E000001FBB /* CoachStarterPresenterOutputable.swift in Sources */ = {isa = PBXBuildFile; fileRef = 1F19C346257DF5E000001FBB /* CoachStarterPresenterOutputable.swift */; };
		1F19C34C257DF6D000001FBB /* CoachStarterInteractorInputable.swift in Sources */ = {isa = PBXBuildFile; fileRef = 1F19C34B257DF6D000001FBB /* CoachStarterInteractorInputable.swift */; };
		1F19C351257DF86600001FBB /* DisplayText.swift in Sources */ = {isa = PBXBuildFile; fileRef = 1F19C350257DF86600001FBB /* DisplayText.swift */; };
		1F19C356257DF8FB00001FBB /* CoachStarterInteractorOutputable.swift in Sources */ = {isa = PBXBuildFile; fileRef = 1F19C355257DF8FB00001FBB /* CoachStarterInteractorOutputable.swift */; };
		1F19C376257DF9E500001FBB /* CoachStarterRouter.swift in Sources */ = {isa = PBXBuildFile; fileRef = 1F19C375257DF9E500001FBB /* CoachStarterRouter.swift */; };
		1F19C391257DFAE300001FBB /* CoachStarterRoutable.swift in Sources */ = {isa = PBXBuildFile; fileRef = 1F19C390257DFAE300001FBB /* CoachStarterRoutable.swift */; };
		1F19C399257DFC9200001FBB /* CoachStarterInteractor.swift in Sources */ = {isa = PBXBuildFile; fileRef = 1F19C398257DFC9200001FBB /* CoachStarterInteractor.swift */; };
		1F9FD623257E9B00003F3A03 /* MockCoachPresenterOutput.swift in Sources */ = {isa = PBXBuildFile; fileRef = 1F9FD622257E9B00003F3A03 /* MockCoachPresenterOutput.swift */; };
		1F9FD628257E9D07003F3A03 /* MockInteractorInput.swift in Sources */ = {isa = PBXBuildFile; fileRef = 1F9FD627257E9D07003F3A03 /* MockInteractorInput.swift */; };
		1F9FD62D257EBA91003F3A03 /* CoachLocalDataServiceInputable.swift in Sources */ = {isa = PBXBuildFile; fileRef = 1F9FD62C257EBA91003F3A03 /* CoachLocalDataServiceInputable.swift */; };
/* End PBXBuildFile section */

/* Begin PBXContainerItemProxy section */
		1F19A36025795948008225F3 /* PBXContainerItemProxy */ = {
			isa = PBXContainerItemProxy;
			containerPortal = 1F19A33E25795945008225F3 /* Project object */;
			proxyType = 1;
			remoteGlobalIDString = 1F19A34525795945008225F3;
			remoteInfo = StashCoach;
		};
		1F19A36B25795948008225F3 /* PBXContainerItemProxy */ = {
			isa = PBXContainerItemProxy;
			containerPortal = 1F19A33E25795945008225F3 /* Project object */;
			proxyType = 1;
			remoteGlobalIDString = 1F19A34525795945008225F3;
			remoteInfo = StashCoach;
		};
/* End PBXContainerItemProxy section */

/* Begin PBXFileReference section */
		1F014DC7257DC4930082969E /* URLServiceTests.swift */ = {isa = PBXFileReference; lastKnownFileType = sourcecode.swift; path = URLServiceTests.swift; sourceTree = "<group>"; };
		1F01DAC5257C237400E1F219 /* CoachRemoteDataService.swift */ = {isa = PBXFileReference; lastKnownFileType = sourcecode.swift; path = CoachRemoteDataService.swift; sourceTree = "<group>"; };
		1F01DACD257C240700E1F219 /* CoachRemoteDataServiceInputable.swift */ = {isa = PBXFileReference; lastKnownFileType = sourcecode.swift; path = CoachRemoteDataServiceInputable.swift; sourceTree = "<group>"; };
		1F01DAD2257C248B00E1F219 /* CoachDataServiceInputable.swift */ = {isa = PBXFileReference; lastKnownFileType = sourcecode.swift; path = CoachDataServiceInputable.swift; sourceTree = "<group>"; };
		1F01DADC257C285700E1F219 /* CoachRemoteDataServiceOutputable.swift */ = {isa = PBXFileReference; lastKnownFileType = sourcecode.swift; path = CoachRemoteDataServiceOutputable.swift; sourceTree = "<group>"; };
		1F01DAE4257C2F6E00E1F219 /* LoggerService.swift */ = {isa = PBXFileReference; lastKnownFileType = sourcecode.swift; path = LoggerService.swift; sourceTree = "<group>"; };
		1F01DAF4257C34CA00E1F219 /* URLService.swift */ = {isa = PBXFileReference; lastKnownFileType = sourcecode.swift; path = URLService.swift; sourceTree = "<group>"; };
		1F01DAFD257C34F000E1F219 /* URLServiceable.swift */ = {isa = PBXFileReference; lastKnownFileType = sourcecode.swift; path = URLServiceable.swift; sourceTree = "<group>"; };
		1F01DB0A257C3D5000E1F219 /* RemoteDataServiceTests.swift */ = {isa = PBXFileReference; lastKnownFileType = sourcecode.swift; path = RemoteDataServiceTests.swift; sourceTree = "<group>"; };
		1F01DB20257C5C3600E1F219 /* MockRemoteDataServiceOutput.swift */ = {isa = PBXFileReference; lastKnownFileType = sourcecode.swift; path = MockRemoteDataServiceOutput.swift; sourceTree = "<group>"; };
		1F01DB28257C611C00E1F219 /* MockRemoteServiceInput.swift */ = {isa = PBXFileReference; lastKnownFileType = sourcecode.swift; path = MockRemoteServiceInput.swift; sourceTree = "<group>"; };
		1F01DB43257C870400E1F219 /* CoachDataServiceOutputable.swift */ = {isa = PBXFileReference; lastKnownFileType = sourcecode.swift; path = CoachDataServiceOutputable.swift; sourceTree = "<group>"; };
		1F01DB4B257C973D00E1F219 /* CoachInteractorOutputable.swift */ = {isa = PBXFileReference; lastKnownFileType = sourcecode.swift; path = CoachInteractorOutputable.swift; sourceTree = "<group>"; };
		1F01DB50257C9A9A00E1F219 /* MockInteractorOutputManager.swift */ = {isa = PBXFileReference; lastKnownFileType = sourcecode.swift; path = MockInteractorOutputManager.swift; sourceTree = "<group>"; };
		1F181F35257E0B7D00694E64 /* CoachPresenterOutputable.swift */ = {isa = PBXFileReference; lastKnownFileType = sourcecode.swift; path = CoachPresenterOutputable.swift; sourceTree = "<group>"; };
		1F19A34625795945008225F3 /* StashCoach.app */ = {isa = PBXFileReference; explicitFileType = wrapper.application; includeInIndex = 0; path = StashCoach.app; sourceTree = BUILT_PRODUCTS_DIR; };
		1F19A34925795945008225F3 /* AppDelegate.swift */ = {isa = PBXFileReference; lastKnownFileType = sourcecode.swift; path = AppDelegate.swift; sourceTree = "<group>"; };
		1F19A34B25795945008225F3 /* SceneDelegate.swift */ = {isa = PBXFileReference; lastKnownFileType = sourcecode.swift; path = SceneDelegate.swift; sourceTree = "<group>"; };
		1F19A34D25795945008225F3 /* StarterViewController.swift */ = {isa = PBXFileReference; lastKnownFileType = sourcecode.swift; path = StarterViewController.swift; sourceTree = "<group>"; };
		1F19A35025795945008225F3 /* Base */ = {isa = PBXFileReference; lastKnownFileType = file.storyboard; name = Base; path = Base.lproj/Main.storyboard; sourceTree = "<group>"; };
		1F19A35325795945008225F3 /* StashCoach.xcdatamodel */ = {isa = PBXFileReference; lastKnownFileType = wrapper.xcdatamodel; path = StashCoach.xcdatamodel; sourceTree = "<group>"; };
		1F19A35525795948008225F3 /* Assets.xcassets */ = {isa = PBXFileReference; lastKnownFileType = folder.assetcatalog; path = Assets.xcassets; sourceTree = "<group>"; };
		1F19A35825795948008225F3 /* Base */ = {isa = PBXFileReference; lastKnownFileType = file.storyboard; name = Base; path = Base.lproj/LaunchScreen.storyboard; sourceTree = "<group>"; };
		1F19A35A25795948008225F3 /* Info.plist */ = {isa = PBXFileReference; lastKnownFileType = text.plist.xml; path = Info.plist; sourceTree = "<group>"; };
		1F19A35F25795948008225F3 /* StashCoachTests.xctest */ = {isa = PBXFileReference; explicitFileType = wrapper.cfbundle; includeInIndex = 0; path = StashCoachTests.xctest; sourceTree = BUILT_PRODUCTS_DIR; };
		1F19A36525795948008225F3 /* Info.plist */ = {isa = PBXFileReference; lastKnownFileType = text.plist.xml; path = Info.plist; sourceTree = "<group>"; };
		1F19A36A25795948008225F3 /* StashCoachUITests.xctest */ = {isa = PBXFileReference; explicitFileType = wrapper.cfbundle; includeInIndex = 0; path = StashCoachUITests.xctest; sourceTree = BUILT_PRODUCTS_DIR; };
		1F19A36E25795948008225F3 /* StashCoachUITests.swift */ = {isa = PBXFileReference; lastKnownFileType = sourcecode.swift; path = StashCoachUITests.swift; sourceTree = "<group>"; };
		1F19A37025795948008225F3 /* Info.plist */ = {isa = PBXFileReference; lastKnownFileType = text.plist.xml; path = Info.plist; sourceTree = "<group>"; };
		1F19A3C12579958D008225F3 /* achievements.json */ = {isa = PBXFileReference; fileEncoding = 4; lastKnownFileType = text.json; name = achievements.json; path = "../../../stash-ios-challenge/achievements.json"; sourceTree = "<group>"; };
		1F19A3C6257B37AB008225F3 /* CoachInteractorTests.swift */ = {isa = PBXFileReference; lastKnownFileType = sourcecode.swift; path = CoachInteractorTests.swift; sourceTree = "<group>"; };
		1F19A3CB257B3B02008225F3 /* CoachPresenterTests.swift */ = {isa = PBXFileReference; lastKnownFileType = sourcecode.swift; path = CoachPresenterTests.swift; sourceTree = "<group>"; };
		1F19A3D0257B3BE4008225F3 /* CoachInteractor.swift */ = {isa = PBXFileReference; lastKnownFileType = sourcecode.swift; path = CoachInteractor.swift; sourceTree = "<group>"; };
		1F19A3D5257B3CB9008225F3 /* CoachInteractorInputable.swift */ = {isa = PBXFileReference; lastKnownFileType = sourcecode.swift; path = CoachInteractorInputable.swift; sourceTree = "<group>"; };
		1F19A3E2257B4419008225F3 /* CoachPresenter.swift */ = {isa = PBXFileReference; lastKnownFileType = sourcecode.swift; path = CoachPresenter.swift; sourceTree = "<group>"; };
		1F19A3EA257B4426008225F3 /* CoachPresenterInputable.swift */ = {isa = PBXFileReference; lastKnownFileType = sourcecode.swift; path = CoachPresenterInputable.swift; sourceTree = "<group>"; };
		1F19A3F3257B4450008225F3 /* CoachRouter.swift */ = {isa = PBXFileReference; lastKnownFileType = sourcecode.swift; path = CoachRouter.swift; sourceTree = "<group>"; };
		1F19A40B257C0FB8008225F3 /* MockAchievements.json */ = {isa = PBXFileReference; lastKnownFileType = text.json; path = MockAchievements.json; sourceTree = "<group>"; };
		1F19A421257C12C9008225F3 /* Achievement.swift */ = {isa = PBXFileReference; lastKnownFileType = sourcecode.swift; path = Achievement.swift; sourceTree = "<group>"; };
		1F19A426257C1A34008225F3 /* MockAchievements.swift */ = {isa = PBXFileReference; lastKnownFileType = sourcecode.swift; name = MockAchievements.swift; path = StashCoachTests/Mocks/MockAchievements.swift; sourceTree = SOURCE_ROOT; };
		1F19C31C257DD12300001FBB /* CoachViewController.swift */ = {isa = PBXFileReference; lastKnownFileType = sourcecode.swift; path = CoachViewController.swift; sourceTree = "<group>"; };
		1F19C321257DDFEF00001FBB /* AchievementCollectionViewCell.swift */ = {isa = PBXFileReference; lastKnownFileType = sourcecode.swift; path = AchievementCollectionViewCell.swift; sourceTree = "<group>"; };
		1F19C337257DF01200001FBB /* CoachRoutable.swift */ = {isa = PBXFileReference; lastKnownFileType = sourcecode.swift; path = CoachRoutable.swift; sourceTree = "<group>"; };
		1F19C33C257DF0F100001FBB /* CoachStarterPresenter.swift */ = {isa = PBXFileReference; lastKnownFileType = sourcecode.swift; path = CoachStarterPresenter.swift; sourceTree = "<group>"; };
		1F19C341257DF39C00001FBB /* CoachStarterPresenterInputable.swift */ = {isa = PBXFileReference; lastKnownFileType = sourcecode.swift; path = CoachStarterPresenterInputable.swift; sourceTree = "<group>"; };
		1F19C346257DF5E000001FBB /* CoachStarterPresenterOutputable.swift */ = {isa = PBXFileReference; lastKnownFileType = sourcecode.swift; path = CoachStarterPresenterOutputable.swift; sourceTree = "<group>"; };
		1F19C34B257DF6D000001FBB /* CoachStarterInteractorInputable.swift */ = {isa = PBXFileReference; lastKnownFileType = sourcecode.swift; path = CoachStarterInteractorInputable.swift; sourceTree = "<group>"; };
		1F19C350257DF86600001FBB /* DisplayText.swift */ = {isa = PBXFileReference; lastKnownFileType = sourcecode.swift; path = DisplayText.swift; sourceTree = "<group>"; };
		1F19C355257DF8FB00001FBB /* CoachStarterInteractorOutputable.swift */ = {isa = PBXFileReference; lastKnownFileType = sourcecode.swift; path = CoachStarterInteractorOutputable.swift; sourceTree = "<group>"; };
		1F19C375257DF9E500001FBB /* CoachStarterRouter.swift */ = {isa = PBXFileReference; lastKnownFileType = sourcecode.swift; path = CoachStarterRouter.swift; sourceTree = "<group>"; };
		1F19C390257DFAE300001FBB /* CoachStarterRoutable.swift */ = {isa = PBXFileReference; lastKnownFileType = sourcecode.swift; path = CoachStarterRoutable.swift; sourceTree = "<group>"; };
		1F19C398257DFC9200001FBB /* CoachStarterInteractor.swift */ = {isa = PBXFileReference; lastKnownFileType = sourcecode.swift; path = CoachStarterInteractor.swift; sourceTree = "<group>"; };
		1F9FD622257E9B00003F3A03 /* MockCoachPresenterOutput.swift */ = {isa = PBXFileReference; lastKnownFileType = sourcecode.swift; path = MockCoachPresenterOutput.swift; sourceTree = "<group>"; };
		1F9FD627257E9D07003F3A03 /* MockInteractorInput.swift */ = {isa = PBXFileReference; lastKnownFileType = sourcecode.swift; path = MockInteractorInput.swift; sourceTree = "<group>"; };
		1F9FD62C257EBA91003F3A03 /* CoachLocalDataServiceInputable.swift */ = {isa = PBXFileReference; lastKnownFileType = sourcecode.swift; path = CoachLocalDataServiceInputable.swift; sourceTree = "<group>"; };
/* End PBXFileReference section */

/* Begin PBXFrameworksBuildPhase section */
		1F19A34325795945008225F3 /* Frameworks */ = {
			isa = PBXFrameworksBuildPhase;
			buildActionMask = 2147483647;
			files = (
			);
			runOnlyForDeploymentPostprocessing = 0;
		};
		1F19A35C25795948008225F3 /* Frameworks */ = {
			isa = PBXFrameworksBuildPhase;
			buildActionMask = 2147483647;
			files = (
			);
			runOnlyForDeploymentPostprocessing = 0;
		};
		1F19A36725795948008225F3 /* Frameworks */ = {
			isa = PBXFrameworksBuildPhase;
			buildActionMask = 2147483647;
			files = (
			);
			runOnlyForDeploymentPostprocessing = 0;
		};
/* End PBXFrameworksBuildPhase section */

/* Begin PBXGroup section */
		1F01DAE9257C2F7400E1F219 /* LoggerService */ = {
			isa = PBXGroup;
			children = (
				1F01DAE4257C2F6E00E1F219 /* LoggerService.swift */,
			);
			path = LoggerService;
			sourceTree = "<group>";
		};
		1F01DAF0257C2F8200E1F219 /* DataService */ = {
			isa = PBXGroup;
			children = (
				1F9FD62C257EBA91003F3A03 /* CoachLocalDataServiceInputable.swift */,
				1F01DAC5257C237400E1F219 /* CoachRemoteDataService.swift */,
				1F01DADC257C285700E1F219 /* CoachRemoteDataServiceOutputable.swift */,
				1F01DACD257C240700E1F219 /* CoachRemoteDataServiceInputable.swift */,
				1F01DAD2257C248B00E1F219 /* CoachDataServiceInputable.swift */,
				1F01DB43257C870400E1F219 /* CoachDataServiceOutputable.swift */,
			);
			path = DataService;
			sourceTree = "<group>";
		};
		1F01DAF9257C34CE00E1F219 /* URLService */ = {
			isa = PBXGroup;
			children = (
				1F01DAF4257C34CA00E1F219 /* URLService.swift */,
				1F01DAFD257C34F000E1F219 /* URLServiceable.swift */,
			);
			path = URLService;
			sourceTree = "<group>";
		};
		1F01DB0F257C3D5500E1F219 /* ServiceTests */ = {
			isa = PBXGroup;
			children = (
				1F01DB0A257C3D5000E1F219 /* RemoteDataServiceTests.swift */,
				1F014DC7257DC4930082969E /* URLServiceTests.swift */,
			);
			path = ServiceTests;
			sourceTree = "<group>";
		};
		1F19A33D25795945008225F3 = {
			isa = PBXGroup;
			children = (
				1F19A34825795945008225F3 /* StashCoach */,
				1F19A36225795948008225F3 /* StashCoachTests */,
				1F19A36D25795948008225F3 /* StashCoachUITests */,
				1F19A34725795945008225F3 /* Products */,
			);
			sourceTree = "<group>";
		};
		1F19A34725795945008225F3 /* Products */ = {
			isa = PBXGroup;
			children = (
				1F19A34625795945008225F3 /* StashCoach.app */,
				1F19A35F25795948008225F3 /* StashCoachTests.xctest */,
				1F19A36A25795948008225F3 /* StashCoachUITests.xctest */,
			);
			name = Products;
			sourceTree = "<group>";
		};
		1F19A34825795945008225F3 /* StashCoach */ = {
			isa = PBXGroup;
			children = (
				1F19A407257B45E7008225F3 /* Services */,
				1F19C369257DF98D00001FBB /* Coach */,
				1F19C35E257DF92900001FBB /* Starter */,
				1F19A3C12579958D008225F3 /* achievements.json */,
				1F19A34925795945008225F3 /* AppDelegate.swift */,
				1F19A34B25795945008225F3 /* SceneDelegate.swift */,
				1F19A34F25795945008225F3 /* Main.storyboard */,
				1F19A35525795948008225F3 /* Assets.xcassets */,
				1F19A35725795948008225F3 /* LaunchScreen.storyboard */,
				1F19A35A25795948008225F3 /* Info.plist */,
				1F19A35225795945008225F3 /* StashCoach.xcdatamodeld */,
			);
			path = StashCoach;
			sourceTree = "<group>";
		};
		1F19A36225795948008225F3 /* StashCoachTests */ = {
			isa = PBXGroup;
			children = (
				1F01DB0F257C3D5500E1F219 /* ServiceTests */,
				1F19A410257C0FC4008225F3 /* InteractorTests */,
				1F19A417257C0FD0008225F3 /* PresenterTests */,
				1F19A42B257C1A3F008225F3 /* Mocks */,
				1F19A36525795948008225F3 /* Info.plist */,
			);
			path = StashCoachTests;
			sourceTree = "<group>";
		};
		1F19A36D25795948008225F3 /* StashCoachUITests */ = {
			isa = PBXGroup;
			children = (
				1F19A36E25795948008225F3 /* StashCoachUITests.swift */,
				1F19A37025795948008225F3 /* Info.plist */,
			);
			path = StashCoachUITests;
			sourceTree = "<group>";
		};
		1F19A3E1257B42CE008225F3 /* Interactor */ = {
			isa = PBXGroup;
			children = (
				1F19A3D5257B3CB9008225F3 /* CoachInteractorInputable.swift */,
				1F01DB4B257C973D00E1F219 /* CoachInteractorOutputable.swift */,
				1F19A3D0257B3BE4008225F3 /* CoachInteractor.swift */,
			);
			path = Interactor;
			sourceTree = "<group>";
		};
		1F19A3EF257B442D008225F3 /* Presenter */ = {
			isa = PBXGroup;
			children = (
				1F19A3E2257B4419008225F3 /* CoachPresenter.swift */,
				1F181F35257E0B7D00694E64 /* CoachPresenterOutputable.swift */,
				1F19A3EA257B4426008225F3 /* CoachPresenterInputable.swift */,
			);
			path = Presenter;
			sourceTree = "<group>";
		};
		1F19A3F8257B4455008225F3 /* Router */ = {
			isa = PBXGroup;
			children = (
				1F19A3F3257B4450008225F3 /* CoachRouter.swift */,
				1F19C337257DF01200001FBB /* CoachRoutable.swift */,
			);
			path = Router;
			sourceTree = "<group>";
		};
		1F19A401257B44D9008225F3 /* View */ = {
			isa = PBXGroup;
			children = (
				1F19C31C257DD12300001FBB /* CoachViewController.swift */,
				1F19C321257DDFEF00001FBB /* AchievementCollectionViewCell.swift */,
			);
			path = View;
			sourceTree = "<group>";
		};
		1F19A406257B45CE008225F3 /* Entities */ = {
			isa = PBXGroup;
			children = (
				1F19A421257C12C9008225F3 /* Achievement.swift */,
			);
			path = Entities;
			sourceTree = "<group>";
		};
		1F19A407257B45E7008225F3 /* Services */ = {
			isa = PBXGroup;
			children = (
				1F01DAF9257C34CE00E1F219 /* URLService */,
				1F01DAE9257C2F7400E1F219 /* LoggerService */,
				1F01DAF0257C2F8200E1F219 /* DataService */,
			);
			path = Services;
			sourceTree = "<group>";
		};
		1F19A410257C0FC4008225F3 /* InteractorTests */ = {
			isa = PBXGroup;
			children = (
				1F19A3C6257B37AB008225F3 /* CoachInteractorTests.swift */,
			);
			path = InteractorTests;
			sourceTree = "<group>";
		};
		1F19A417257C0FD0008225F3 /* PresenterTests */ = {
			isa = PBXGroup;
			children = (
				1F19A3CB257B3B02008225F3 /* CoachPresenterTests.swift */,
			);
			path = PresenterTests;
			sourceTree = "<group>";
		};
		1F19A42B257C1A3F008225F3 /* Mocks */ = {
			isa = PBXGroup;
			children = (
				1F9FD627257E9D07003F3A03 /* MockInteractorInput.swift */,
				1F9FD622257E9B00003F3A03 /* MockCoachPresenterOutput.swift */,
				1F01DB50257C9A9A00E1F219 /* MockInteractorOutputManager.swift */,
				1F01DB28257C611C00E1F219 /* MockRemoteServiceInput.swift */,
				1F01DB20257C5C3600E1F219 /* MockRemoteDataServiceOutput.swift */,
				1F19A426257C1A34008225F3 /* MockAchievements.swift */,
				1F19A40B257C0FB8008225F3 /* MockAchievements.json */,
			);
			path = Mocks;
			sourceTree = "<group>";
		};
		1F19C35A257DF90400001FBB /* Interactor */ = {
			isa = PBXGroup;
			children = (
				1F19C398257DFC9200001FBB /* CoachStarterInteractor.swift */,
				1F19C34B257DF6D000001FBB /* CoachStarterInteractorInputable.swift */,
				1F19C355257DF8FB00001FBB /* CoachStarterInteractorOutputable.swift */,
			);
			path = Interactor;
			sourceTree = "<group>";
		};
		1F19C35E257DF92900001FBB /* Starter */ = {
			isa = PBXGroup;
			children = (
				1F19C371257DF9B200001FBB /* View */,
				1F19C35A257DF90400001FBB /* Interactor */,
				1F19C362257DF95400001FBB /* Presenter */,
				1F19C36D257DF9A600001FBB /* Entities */,
				1F19C37A257DF9E800001FBB /* Router */,
			);
			path = Starter;
			sourceTree = "<group>";
		};
		1F19C362257DF95400001FBB /* Presenter */ = {
			isa = PBXGroup;
			children = (
				1F19C341257DF39C00001FBB /* CoachStarterPresenterInputable.swift */,
				1F19C33C257DF0F100001FBB /* CoachStarterPresenter.swift */,
				1F19C346257DF5E000001FBB /* CoachStarterPresenterOutputable.swift */,
			);
			path = Presenter;
			sourceTree = "<group>";
		};
		1F19C369257DF98D00001FBB /* Coach */ = {
			isa = PBXGroup;
			children = (
				1F19A406257B45CE008225F3 /* Entities */,
				1F19A401257B44D9008225F3 /* View */,
				1F19A3F8257B4455008225F3 /* Router */,
				1F19A3EF257B442D008225F3 /* Presenter */,
				1F19A3E1257B42CE008225F3 /* Interactor */,
			);
			path = Coach;
			sourceTree = "<group>";
		};
		1F19C36D257DF9A600001FBB /* Entities */ = {
			isa = PBXGroup;
			children = (
				1F19C350257DF86600001FBB /* DisplayText.swift */,
			);
			path = Entities;
			sourceTree = "<group>";
		};
		1F19C371257DF9B200001FBB /* View */ = {
			isa = PBXGroup;
			children = (
				1F19A34D25795945008225F3 /* StarterViewController.swift */,
			);
			path = View;
			sourceTree = "<group>";
		};
		1F19C37A257DF9E800001FBB /* Router */ = {
			isa = PBXGroup;
			children = (
				1F19C375257DF9E500001FBB /* CoachStarterRouter.swift */,
				1F19C390257DFAE300001FBB /* CoachStarterRoutable.swift */,
			);
			path = Router;
			sourceTree = "<group>";
		};
/* End PBXGroup section */

/* Begin PBXNativeTarget section */
		1F19A34525795945008225F3 /* StashCoach */ = {
			isa = PBXNativeTarget;
			buildConfigurationList = 1F19A37325795948008225F3 /* Build configuration list for PBXNativeTarget "StashCoach" */;
			buildPhases = (
				1F19A34225795945008225F3 /* Sources */,
				1F19A34325795945008225F3 /* Frameworks */,
				1F19A34425795945008225F3 /* Resources */,
			);
			buildRules = (
			);
			dependencies = (
			);
			name = StashCoach;
			productName = StashCoach;
			productReference = 1F19A34625795945008225F3 /* StashCoach.app */;
			productType = "com.apple.product-type.application";
		};
		1F19A35E25795948008225F3 /* StashCoachTests */ = {
			isa = PBXNativeTarget;
			buildConfigurationList = 1F19A37625795948008225F3 /* Build configuration list for PBXNativeTarget "StashCoachTests" */;
			buildPhases = (
				1F19A35B25795948008225F3 /* Sources */,
				1F19A35C25795948008225F3 /* Frameworks */,
				1F19A35D25795948008225F3 /* Resources */,
			);
			buildRules = (
			);
			dependencies = (
				1F19A36125795948008225F3 /* PBXTargetDependency */,
			);
			name = StashCoachTests;
			productName = StashCoachTests;
			productReference = 1F19A35F25795948008225F3 /* StashCoachTests.xctest */;
			productType = "com.apple.product-type.bundle.unit-test";
		};
		1F19A36925795948008225F3 /* StashCoachUITests */ = {
			isa = PBXNativeTarget;
			buildConfigurationList = 1F19A37925795948008225F3 /* Build configuration list for PBXNativeTarget "StashCoachUITests" */;
			buildPhases = (
				1F19A36625795948008225F3 /* Sources */,
				1F19A36725795948008225F3 /* Frameworks */,
				1F19A36825795948008225F3 /* Resources */,
			);
			buildRules = (
			);
			dependencies = (
				1F19A36C25795948008225F3 /* PBXTargetDependency */,
			);
			name = StashCoachUITests;
			productName = StashCoachUITests;
			productReference = 1F19A36A25795948008225F3 /* StashCoachUITests.xctest */;
			productType = "com.apple.product-type.bundle.ui-testing";
		};
/* End PBXNativeTarget section */

/* Begin PBXProject section */
		1F19A33E25795945008225F3 /* Project object */ = {
			isa = PBXProject;
			attributes = {
				LastSwiftUpdateCheck = 1200;
				LastUpgradeCheck = 1200;
				TargetAttributes = {
					1F19A34525795945008225F3 = {
						CreatedOnToolsVersion = 12.0.1;
					};
					1F19A35E25795948008225F3 = {
						CreatedOnToolsVersion = 12.0.1;
						TestTargetID = 1F19A34525795945008225F3;
					};
					1F19A36925795948008225F3 = {
						CreatedOnToolsVersion = 12.0.1;
						TestTargetID = 1F19A34525795945008225F3;
					};
				};
			};
			buildConfigurationList = 1F19A34125795945008225F3 /* Build configuration list for PBXProject "StashCoach" */;
			compatibilityVersion = "Xcode 9.3";
			developmentRegion = en;
			hasScannedForEncodings = 0;
			knownRegions = (
				en,
				Base,
			);
			mainGroup = 1F19A33D25795945008225F3;
			productRefGroup = 1F19A34725795945008225F3 /* Products */;
			projectDirPath = "";
			projectRoot = "";
			targets = (
				1F19A34525795945008225F3 /* StashCoach */,
				1F19A35E25795948008225F3 /* StashCoachTests */,
				1F19A36925795948008225F3 /* StashCoachUITests */,
			);
		};
/* End PBXProject section */

/* Begin PBXResourcesBuildPhase section */
		1F19A34425795945008225F3 /* Resources */ = {
			isa = PBXResourcesBuildPhase;
			buildActionMask = 2147483647;
			files = (
				1F19A35925795948008225F3 /* LaunchScreen.storyboard in Resources */,
				1F19A3C22579958D008225F3 /* achievements.json in Resources */,
				1F19A35625795948008225F3 /* Assets.xcassets in Resources */,
				1F19A35125795945008225F3 /* Main.storyboard in Resources */,
			);
			runOnlyForDeploymentPostprocessing = 0;
		};
		1F19A35D25795948008225F3 /* Resources */ = {
			isa = PBXResourcesBuildPhase;
			buildActionMask = 2147483647;
			files = (
				1F19A40C257C0FB8008225F3 /* MockAchievements.json in Resources */,
			);
			runOnlyForDeploymentPostprocessing = 0;
		};
		1F19A36825795948008225F3 /* Resources */ = {
			isa = PBXResourcesBuildPhase;
			buildActionMask = 2147483647;
			files = (
			);
			runOnlyForDeploymentPostprocessing = 0;
		};
/* End PBXResourcesBuildPhase section */

/* Begin PBXSourcesBuildPhase section */
		1F19A34225795945008225F3 /* Sources */ = {
			isa = PBXSourcesBuildPhase;
			buildActionMask = 2147483647;
			files = (
				1F01DAD3257C248B00E1F219 /* CoachDataServiceInputable.swift in Sources */,
				1F19C34C257DF6D000001FBB /* CoachStarterInteractorInputable.swift in Sources */,
				1F19A3D1257B3BE4008225F3 /* CoachInteractor.swift in Sources */,
				1F01DAF5257C34CA00E1F219 /* URLService.swift in Sources */,
				1F19A35425795945008225F3 /* StashCoach.xcdatamodeld in Sources */,
				1F19A34E25795945008225F3 /* StarterViewController.swift in Sources */,
				1F19A34A25795945008225F3 /* AppDelegate.swift in Sources */,
				1F01DAFE257C34F000E1F219 /* URLServiceable.swift in Sources */,
				1F01DADD257C285700E1F219 /* CoachRemoteDataServiceOutputable.swift in Sources */,
				1F01DACE257C240700E1F219 /* CoachRemoteDataServiceInputable.swift in Sources */,
				1F19A422257C12C9008225F3 /* Achievement.swift in Sources */,
				1F01DB44257C870400E1F219 /* CoachDataServiceOutputable.swift in Sources */,
				1F19C322257DDFEF00001FBB /* AchievementCollectionViewCell.swift in Sources */,
				1F19C347257DF5E000001FBB /* CoachStarterPresenterOutputable.swift in Sources */,
				1F19C31D257DD12300001FBB /* CoachViewController.swift in Sources */,
				1F19A3F4257B4450008225F3 /* CoachRouter.swift in Sources */,
				1F01DAC6257C237400E1F219 /* CoachRemoteDataService.swift in Sources */,
				1F19C376257DF9E500001FBB /* CoachStarterRouter.swift in Sources */,
				1F19C33D257DF0F100001FBB /* CoachStarterPresenter.swift in Sources */,
				1F19A3E3257B4419008225F3 /* CoachPresenter.swift in Sources */,
				1F181F36257E0B7D00694E64 /* CoachPresenterOutputable.swift in Sources */,
				1F19C399257DFC9200001FBB /* CoachStarterInteractor.swift in Sources */,
				1F19C391257DFAE300001FBB /* CoachStarterRoutable.swift in Sources */,
				1F19C342257DF39C00001FBB /* CoachStarterPresenterInputable.swift in Sources */,
				1F19A34C25795945008225F3 /* SceneDelegate.swift in Sources */,
				1F9FD62D257EBA91003F3A03 /* CoachLocalDataServiceInputable.swift in Sources */,
				1F19C338257DF01200001FBB /* CoachRoutable.swift in Sources */,
				1F19C351257DF86600001FBB /* DisplayText.swift in Sources */,
				1F19C356257DF8FB00001FBB /* CoachStarterInteractorOutputable.swift in Sources */,
				1F19A3D6257B3CB9008225F3 /* CoachInteractorInputable.swift in Sources */,
				1F19A3EB257B4426008225F3 /* CoachPresenterInputable.swift in Sources */,
				1F01DB4C257C973D00E1F219 /* CoachInteractorOutputable.swift in Sources */,
				1F01DAE5257C2F6F00E1F219 /* LoggerService.swift in Sources */,
			);
			runOnlyForDeploymentPostprocessing = 0;
		};
		1F19A35B25795948008225F3 /* Sources */ = {
			isa = PBXSourcesBuildPhase;
			buildActionMask = 2147483647;
			files = (
				1F01DB21257C5C3600E1F219 /* MockRemoteDataServiceOutput.swift in Sources */,
				1F9FD623257E9B00003F3A03 /* MockCoachPresenterOutput.swift in Sources */,
				1F01DB29257C611C00E1F219 /* MockRemoteServiceInput.swift in Sources */,
				1F19A3CC257B3B02008225F3 /* CoachPresenterTests.swift in Sources */,
				1F19A3C7257B37AB008225F3 /* CoachInteractorTests.swift in Sources */,
				1F9FD628257E9D07003F3A03 /* MockInteractorInput.swift in Sources */,
				1F01DB51257C9A9A00E1F219 /* MockInteractorOutputManager.swift in Sources */,
				1F19A427257C1A34008225F3 /* MockAchievements.swift in Sources */,
				1F01DB0B257C3D5000E1F219 /* RemoteDataServiceTests.swift in Sources */,
				1F014DC8257DC4930082969E /* URLServiceTests.swift in Sources */,
			);
			runOnlyForDeploymentPostprocessing = 0;
		};
		1F19A36625795948008225F3 /* Sources */ = {
			isa = PBXSourcesBuildPhase;
			buildActionMask = 2147483647;
			files = (
				1F19A36F25795948008225F3 /* StashCoachUITests.swift in Sources */,
			);
			runOnlyForDeploymentPostprocessing = 0;
		};
/* End PBXSourcesBuildPhase section */

/* Begin PBXTargetDependency section */
		1F19A36125795948008225F3 /* PBXTargetDependency */ = {
			isa = PBXTargetDependency;
			target = 1F19A34525795945008225F3 /* StashCoach */;
			targetProxy = 1F19A36025795948008225F3 /* PBXContainerItemProxy */;
		};
		1F19A36C25795948008225F3 /* PBXTargetDependency */ = {
			isa = PBXTargetDependency;
			target = 1F19A34525795945008225F3 /* StashCoach */;
			targetProxy = 1F19A36B25795948008225F3 /* PBXContainerItemProxy */;
		};
/* End PBXTargetDependency section */

/* Begin PBXVariantGroup section */
		1F19A34F25795945008225F3 /* Main.storyboard */ = {
			isa = PBXVariantGroup;
			children = (
				1F19A35025795945008225F3 /* Base */,
			);
			name = Main.storyboard;
			sourceTree = "<group>";
		};
		1F19A35725795948008225F3 /* LaunchScreen.storyboard */ = {
			isa = PBXVariantGroup;
			children = (
				1F19A35825795948008225F3 /* Base */,
			);
			name = LaunchScreen.storyboard;
			sourceTree = "<group>";
		};
/* End PBXVariantGroup section */

/* Begin XCBuildConfiguration section */
		1F01DB39257C679600E1F219 /* Release Test */ = {
			isa = XCBuildConfiguration;
			buildSettings = {
				ALWAYS_SEARCH_USER_PATHS = NO;
				CLANG_ANALYZER_NONNULL = YES;
				CLANG_ANALYZER_NUMBER_OBJECT_CONVERSION = YES_AGGRESSIVE;
				CLANG_CXX_LANGUAGE_STANDARD = "gnu++14";
				CLANG_CXX_LIBRARY = "libc++";
				CLANG_ENABLE_MODULES = YES;
				CLANG_ENABLE_OBJC_ARC = YES;
				CLANG_ENABLE_OBJC_WEAK = YES;
				CLANG_WARN_BLOCK_CAPTURE_AUTORELEASING = YES;
				CLANG_WARN_BOOL_CONVERSION = YES;
				CLANG_WARN_COMMA = YES;
				CLANG_WARN_CONSTANT_CONVERSION = YES;
				CLANG_WARN_DEPRECATED_OBJC_IMPLEMENTATIONS = YES;
				CLANG_WARN_DIRECT_OBJC_ISA_USAGE = YES_ERROR;
				CLANG_WARN_DOCUMENTATION_COMMENTS = YES;
				CLANG_WARN_EMPTY_BODY = YES;
				CLANG_WARN_ENUM_CONVERSION = YES;
				CLANG_WARN_INFINITE_RECURSION = YES;
				CLANG_WARN_INT_CONVERSION = YES;
				CLANG_WARN_NON_LITERAL_NULL_CONVERSION = YES;
				CLANG_WARN_OBJC_IMPLICIT_RETAIN_SELF = YES;
				CLANG_WARN_OBJC_LITERAL_CONVERSION = YES;
				CLANG_WARN_OBJC_ROOT_CLASS = YES_ERROR;
				CLANG_WARN_QUOTED_INCLUDE_IN_FRAMEWORK_HEADER = YES;
				CLANG_WARN_RANGE_LOOP_ANALYSIS = YES;
				CLANG_WARN_STRICT_PROTOTYPES = YES;
				CLANG_WARN_SUSPICIOUS_MOVE = YES;
				CLANG_WARN_UNGUARDED_AVAILABILITY = YES_AGGRESSIVE;
				CLANG_WARN_UNREACHABLE_CODE = YES;
				CLANG_WARN__DUPLICATE_METHOD_MATCH = YES;
				COPY_PHASE_STRIP = NO;
				DEBUG_INFORMATION_FORMAT = "dwarf-with-dsym";
				ENABLE_NS_ASSERTIONS = NO;
				ENABLE_STRICT_OBJC_MSGSEND = YES;
				ENABLE_TESTABILITY = YES;
				GCC_C_LANGUAGE_STANDARD = gnu11;
				GCC_NO_COMMON_BLOCKS = YES;
				GCC_WARN_64_TO_32_BIT_CONVERSION = YES;
				GCC_WARN_ABOUT_RETURN_TYPE = YES_ERROR;
				GCC_WARN_UNDECLARED_SELECTOR = YES;
				GCC_WARN_UNINITIALIZED_AUTOS = YES_AGGRESSIVE;
				GCC_WARN_UNUSED_FUNCTION = YES;
				GCC_WARN_UNUSED_VARIABLE = YES;
				IPHONEOS_DEPLOYMENT_TARGET = 14.0;
				MTL_ENABLE_DEBUG_INFO = NO;
				MTL_FAST_MATH = YES;
				SDKROOT = iphoneos;
				SWIFT_COMPILATION_MODE = wholemodule;
				SWIFT_OPTIMIZATION_LEVEL = "-O";
				VALIDATE_PRODUCT = YES;
			};
			name = "Release Test";
		};
		1F01DB3A257C679600E1F219 /* Release Test */ = {
			isa = XCBuildConfiguration;
			buildSettings = {
				ASSETCATALOG_COMPILER_APPICON_NAME = AppIcon;
				ASSETCATALOG_COMPILER_GLOBAL_ACCENT_COLOR_NAME = AccentColor;
				CODE_SIGN_STYLE = Automatic;
				DEVELOPMENT_TEAM = A6R6LG45Z4;
				INFOPLIST_FILE = StashCoach/Info.plist;
				LD_RUNPATH_SEARCH_PATHS = (
					"$(inherited)",
					"@executable_path/Frameworks",
				);
				PRODUCT_BUNDLE_IDENTIFIER = com.stashCoach.www.StashCoach;
				PRODUCT_NAME = "$(TARGET_NAME)";
				SWIFT_VERSION = 5.0;
				TARGETED_DEVICE_FAMILY = "1,2";
			};
			name = "Release Test";
		};
		1F01DB3B257C679600E1F219 /* Release Test */ = {
			isa = XCBuildConfiguration;
			buildSettings = {
				ALWAYS_EMBED_SWIFT_STANDARD_LIBRARIES = YES;
				BUNDLE_LOADER = "$(TEST_HOST)";
				CODE_SIGN_STYLE = Automatic;
				DEVELOPMENT_TEAM = A6R6LG45Z4;
				INFOPLIST_FILE = StashCoachTests/Info.plist;
				IPHONEOS_DEPLOYMENT_TARGET = 14.0;
				LD_RUNPATH_SEARCH_PATHS = (
					"$(inherited)",
					"@executable_path/Frameworks",
					"@loader_path/Frameworks",
				);
				PRODUCT_BUNDLE_IDENTIFIER = com.stashCoach.www.StashCoachTests;
				PRODUCT_NAME = "$(TARGET_NAME)";
				SWIFT_VERSION = 5.0;
				TARGETED_DEVICE_FAMILY = "1,2";
				TEST_HOST = "$(BUILT_PRODUCTS_DIR)/StashCoach.app/StashCoach";
			};
			name = "Release Test";
		};
		1F01DB3C257C679600E1F219 /* Release Test */ = {
			isa = XCBuildConfiguration;
			buildSettings = {
				ALWAYS_EMBED_SWIFT_STANDARD_LIBRARIES = YES;
				CODE_SIGN_STYLE = Automatic;
				DEVELOPMENT_TEAM = A6R6LG45Z4;
				INFOPLIST_FILE = StashCoachUITests/Info.plist;
				LD_RUNPATH_SEARCH_PATHS = (
					"$(inherited)",
					"@executable_path/Frameworks",
					"@loader_path/Frameworks",
				);
				PRODUCT_BUNDLE_IDENTIFIER = com.stashCoach.www.StashCoachUITests;
				PRODUCT_NAME = "$(TARGET_NAME)";
				SWIFT_VERSION = 5.0;
				TARGETED_DEVICE_FAMILY = "1,2";
				TEST_TARGET_NAME = StashCoach;
			};
			name = "Release Test";
		};
		1F19A37125795948008225F3 /* Debug */ = {
			isa = XCBuildConfiguration;
			buildSettings = {
				ALWAYS_SEARCH_USER_PATHS = NO;
				CLANG_ANALYZER_NONNULL = YES;
				CLANG_ANALYZER_NUMBER_OBJECT_CONVERSION = YES_AGGRESSIVE;
				CLANG_CXX_LANGUAGE_STANDARD = "gnu++14";
				CLANG_CXX_LIBRARY = "libc++";
				CLANG_ENABLE_MODULES = YES;
				CLANG_ENABLE_OBJC_ARC = YES;
				CLANG_ENABLE_OBJC_WEAK = YES;
				CLANG_WARN_BLOCK_CAPTURE_AUTORELEASING = YES;
				CLANG_WARN_BOOL_CONVERSION = YES;
				CLANG_WARN_COMMA = YES;
				CLANG_WARN_CONSTANT_CONVERSION = YES;
				CLANG_WARN_DEPRECATED_OBJC_IMPLEMENTATIONS = YES;
				CLANG_WARN_DIRECT_OBJC_ISA_USAGE = YES_ERROR;
				CLANG_WARN_DOCUMENTATION_COMMENTS = YES;
				CLANG_WARN_EMPTY_BODY = YES;
				CLANG_WARN_ENUM_CONVERSION = YES;
				CLANG_WARN_INFINITE_RECURSION = YES;
				CLANG_WARN_INT_CONVERSION = YES;
				CLANG_WARN_NON_LITERAL_NULL_CONVERSION = YES;
				CLANG_WARN_OBJC_IMPLICIT_RETAIN_SELF = YES;
				CLANG_WARN_OBJC_LITERAL_CONVERSION = YES;
				CLANG_WARN_OBJC_ROOT_CLASS = YES_ERROR;
				CLANG_WARN_QUOTED_INCLUDE_IN_FRAMEWORK_HEADER = YES;
				CLANG_WARN_RANGE_LOOP_ANALYSIS = YES;
				CLANG_WARN_STRICT_PROTOTYPES = YES;
				CLANG_WARN_SUSPICIOUS_MOVE = YES;
				CLANG_WARN_UNGUARDED_AVAILABILITY = YES_AGGRESSIVE;
				CLANG_WARN_UNREACHABLE_CODE = YES;
				CLANG_WARN__DUPLICATE_METHOD_MATCH = YES;
				COPY_PHASE_STRIP = NO;
				DEBUG_INFORMATION_FORMAT = dwarf;
				ENABLE_STRICT_OBJC_MSGSEND = YES;
				ENABLE_TESTABILITY = YES;
				GCC_C_LANGUAGE_STANDARD = gnu11;
				GCC_DYNAMIC_NO_PIC = NO;
				GCC_NO_COMMON_BLOCKS = YES;
				GCC_OPTIMIZATION_LEVEL = 0;
				GCC_PREPROCESSOR_DEFINITIONS = (
					"DEBUG=1",
					"$(inherited)",
				);
				GCC_WARN_64_TO_32_BIT_CONVERSION = YES;
				GCC_WARN_ABOUT_RETURN_TYPE = YES_ERROR;
				GCC_WARN_UNDECLARED_SELECTOR = YES;
				GCC_WARN_UNINITIALIZED_AUTOS = YES_AGGRESSIVE;
				GCC_WARN_UNUSED_FUNCTION = YES;
				GCC_WARN_UNUSED_VARIABLE = YES;
				IPHONEOS_DEPLOYMENT_TARGET = 14.0;
				MTL_ENABLE_DEBUG_INFO = INCLUDE_SOURCE;
				MTL_FAST_MATH = YES;
				ONLY_ACTIVE_ARCH = YES;
				SDKROOT = iphoneos;
				SWIFT_ACTIVE_COMPILATION_CONDITIONS = DEBUG;
				SWIFT_OPTIMIZATION_LEVEL = "-Onone";
			};
			name = Debug;
		};
		1F19A37225795948008225F3 /* Release */ = {
			isa = XCBuildConfiguration;
			buildSettings = {
				ALWAYS_SEARCH_USER_PATHS = NO;
				CLANG_ANALYZER_NONNULL = YES;
				CLANG_ANALYZER_NUMBER_OBJECT_CONVERSION = YES_AGGRESSIVE;
				CLANG_CXX_LANGUAGE_STANDARD = "gnu++14";
				CLANG_CXX_LIBRARY = "libc++";
				CLANG_ENABLE_MODULES = YES;
				CLANG_ENABLE_OBJC_ARC = YES;
				CLANG_ENABLE_OBJC_WEAK = YES;
				CLANG_WARN_BLOCK_CAPTURE_AUTORELEASING = YES;
				CLANG_WARN_BOOL_CONVERSION = YES;
				CLANG_WARN_COMMA = YES;
				CLANG_WARN_CONSTANT_CONVERSION = YES;
				CLANG_WARN_DEPRECATED_OBJC_IMPLEMENTATIONS = YES;
				CLANG_WARN_DIRECT_OBJC_ISA_USAGE = YES_ERROR;
				CLANG_WARN_DOCUMENTATION_COMMENTS = YES;
				CLANG_WARN_EMPTY_BODY = YES;
				CLANG_WARN_ENUM_CONVERSION = YES;
				CLANG_WARN_INFINITE_RECURSION = YES;
				CLANG_WARN_INT_CONVERSION = YES;
				CLANG_WARN_NON_LITERAL_NULL_CONVERSION = YES;
				CLANG_WARN_OBJC_IMPLICIT_RETAIN_SELF = YES;
				CLANG_WARN_OBJC_LITERAL_CONVERSION = YES;
				CLANG_WARN_OBJC_ROOT_CLASS = YES_ERROR;
				CLANG_WARN_QUOTED_INCLUDE_IN_FRAMEWORK_HEADER = YES;
				CLANG_WARN_RANGE_LOOP_ANALYSIS = YES;
				CLANG_WARN_STRICT_PROTOTYPES = YES;
				CLANG_WARN_SUSPICIOUS_MOVE = YES;
				CLANG_WARN_UNGUARDED_AVAILABILITY = YES_AGGRESSIVE;
				CLANG_WARN_UNREACHABLE_CODE = YES;
				CLANG_WARN__DUPLICATE_METHOD_MATCH = YES;
				COPY_PHASE_STRIP = NO;
				DEBUG_INFORMATION_FORMAT = "dwarf-with-dsym";
				ENABLE_NS_ASSERTIONS = NO;
				ENABLE_STRICT_OBJC_MSGSEND = YES;
				ENABLE_TESTABILITY = NO;
				GCC_C_LANGUAGE_STANDARD = gnu11;
				GCC_NO_COMMON_BLOCKS = YES;
				GCC_WARN_64_TO_32_BIT_CONVERSION = YES;
				GCC_WARN_ABOUT_RETURN_TYPE = YES_ERROR;
				GCC_WARN_UNDECLARED_SELECTOR = YES;
				GCC_WARN_UNINITIALIZED_AUTOS = YES_AGGRESSIVE;
				GCC_WARN_UNUSED_FUNCTION = YES;
				GCC_WARN_UNUSED_VARIABLE = YES;
				IPHONEOS_DEPLOYMENT_TARGET = 14.0;
				MTL_ENABLE_DEBUG_INFO = NO;
				MTL_FAST_MATH = YES;
				SDKROOT = iphoneos;
				SWIFT_COMPILATION_MODE = wholemodule;
				SWIFT_OPTIMIZATION_LEVEL = "-O";
				VALIDATE_PRODUCT = YES;
			};
			name = Release;
		};
		1F19A37425795948008225F3 /* Debug */ = {
			isa = XCBuildConfiguration;
			buildSettings = {
				ASSETCATALOG_COMPILER_APPICON_NAME = AppIcon;
				ASSETCATALOG_COMPILER_GLOBAL_ACCENT_COLOR_NAME = AccentColor;
				CODE_SIGN_STYLE = Automatic;
				DEVELOPMENT_TEAM = A6R6LG45Z4;
				INFOPLIST_FILE = StashCoach/Info.plist;
				LD_RUNPATH_SEARCH_PATHS = (
					"$(inherited)",
					"@executable_path/Frameworks",
				);
				PRODUCT_BUNDLE_IDENTIFIER = com.stashCoach.www.StashCoach;
				PRODUCT_NAME = "$(TARGET_NAME)";
				SWIFT_VERSION = 5.0;
				TARGETED_DEVICE_FAMILY = "1,2";
			};
			name = Debug;
		};
		1F19A37525795948008225F3 /* Release */ = {
			isa = XCBuildConfiguration;
			buildSettings = {
				ASSETCATALOG_COMPILER_APPICON_NAME = AppIcon;
				ASSETCATALOG_COMPILER_GLOBAL_ACCENT_COLOR_NAME = AccentColor;
				CODE_SIGN_STYLE = Automatic;
				DEVELOPMENT_TEAM = A6R6LG45Z4;
				INFOPLIST_FILE = StashCoach/Info.plist;
				LD_RUNPATH_SEARCH_PATHS = (
					"$(inherited)",
					"@executable_path/Frameworks",
				);
				PRODUCT_BUNDLE_IDENTIFIER = com.stashCoach.www.StashCoach;
				PRODUCT_NAME = "$(TARGET_NAME)";
				SWIFT_VERSION = 5.0;
				TARGETED_DEVICE_FAMILY = "1,2";
			};
			name = Release;
		};
		1F19A37725795948008225F3 /* Debug */ = {
			isa = XCBuildConfiguration;
			buildSettings = {
				ALWAYS_EMBED_SWIFT_STANDARD_LIBRARIES = YES;
				BUNDLE_LOADER = "$(TEST_HOST)";
				CODE_SIGN_STYLE = Automatic;
				DEVELOPMENT_TEAM = A6R6LG45Z4;
				INFOPLIST_FILE = StashCoachTests/Info.plist;
				IPHONEOS_DEPLOYMENT_TARGET = 14.0;
				LD_RUNPATH_SEARCH_PATHS = (
					"$(inherited)",
					"@executable_path/Frameworks",
					"@loader_path/Frameworks",
				);
				PRODUCT_BUNDLE_IDENTIFIER = com.stashCoach.www.StashCoachTests;
				PRODUCT_NAME = "$(TARGET_NAME)";
				SWIFT_VERSION = 5.0;
				TARGETED_DEVICE_FAMILY = "1,2";
				TEST_HOST = "$(BUILT_PRODUCTS_DIR)/StashCoach.app/StashCoach";
			};
			name = Debug;
		};
		1F19A37825795948008225F3 /* Release */ = {
			isa = XCBuildConfiguration;
			buildSettings = {
				ALWAYS_EMBED_SWIFT_STANDARD_LIBRARIES = YES;
				BUNDLE_LOADER = "$(TEST_HOST)";
				CODE_SIGN_STYLE = Automatic;
				DEVELOPMENT_TEAM = A6R6LG45Z4;
				INFOPLIST_FILE = StashCoachTests/Info.plist;
				IPHONEOS_DEPLOYMENT_TARGET = 14.0;
				LD_RUNPATH_SEARCH_PATHS = (
					"$(inherited)",
					"@executable_path/Frameworks",
					"@loader_path/Frameworks",
				);
				PRODUCT_BUNDLE_IDENTIFIER = com.stashCoach.www.StashCoachTests;
				PRODUCT_NAME = "$(TARGET_NAME)";
				SWIFT_VERSION = 5.0;
				TARGETED_DEVICE_FAMILY = "1,2";
				TEST_HOST = "$(BUILT_PRODUCTS_DIR)/StashCoach.app/StashCoach";
			};
			name = Release;
		};
		1F19A37A25795948008225F3 /* Debug */ = {
			isa = XCBuildConfiguration;
			buildSettings = {
				ALWAYS_EMBED_SWIFT_STANDARD_LIBRARIES = YES;
				CODE_SIGN_STYLE = Automatic;
				DEVELOPMENT_TEAM = A6R6LG45Z4;
				INFOPLIST_FILE = StashCoachUITests/Info.plist;
				LD_RUNPATH_SEARCH_PATHS = (
					"$(inherited)",
					"@executable_path/Frameworks",
					"@loader_path/Frameworks",
				);
				PRODUCT_BUNDLE_IDENTIFIER = com.stashCoach.www.StashCoachUITests;
				PRODUCT_NAME = "$(TARGET_NAME)";
				SWIFT_VERSION = 5.0;
				TARGETED_DEVICE_FAMILY = "1,2";
				TEST_TARGET_NAME = StashCoach;
			};
			name = Debug;
		};
		1F19A37B25795948008225F3 /* Release */ = {
			isa = XCBuildConfiguration;
			buildSettings = {
				ALWAYS_EMBED_SWIFT_STANDARD_LIBRARIES = YES;
				CODE_SIGN_STYLE = Automatic;
				DEVELOPMENT_TEAM = A6R6LG45Z4;
				INFOPLIST_FILE = StashCoachUITests/Info.plist;
				LD_RUNPATH_SEARCH_PATHS = (
					"$(inherited)",
					"@executable_path/Frameworks",
					"@loader_path/Frameworks",
				);
				PRODUCT_BUNDLE_IDENTIFIER = com.stashCoach.www.StashCoachUITests;
				PRODUCT_NAME = "$(TARGET_NAME)";
				SWIFT_VERSION = 5.0;
				TARGETED_DEVICE_FAMILY = "1,2";
				TEST_TARGET_NAME = StashCoach;
			};
			name = Release;
		};
/* End XCBuildConfiguration section */

/* Begin XCConfigurationList section */
		1F19A34125795945008225F3 /* Build configuration list for PBXProject "StashCoach" */ = {
			isa = XCConfigurationList;
			buildConfigurations = (
				1F19A37125795948008225F3 /* Debug */,
				1F19A37225795948008225F3 /* Release */,
				1F01DB39257C679600E1F219 /* Release Test */,
			);
			defaultConfigurationIsVisible = 0;
			defaultConfigurationName = Debug;
		};
		1F19A37325795948008225F3 /* Build configuration list for PBXNativeTarget "StashCoach" */ = {
			isa = XCConfigurationList;
			buildConfigurations = (
				1F19A37425795948008225F3 /* Debug */,
				1F19A37525795948008225F3 /* Release */,
				1F01DB3A257C679600E1F219 /* Release Test */,
			);
			defaultConfigurationIsVisible = 0;
			defaultConfigurationName = Debug;
		};
		1F19A37625795948008225F3 /* Build configuration list for PBXNativeTarget "StashCoachTests" */ = {
			isa = XCConfigurationList;
			buildConfigurations = (
				1F19A37725795948008225F3 /* Debug */,
				1F19A37825795948008225F3 /* Release */,
				1F01DB3B257C679600E1F219 /* Release Test */,
			);
			defaultConfigurationIsVisible = 0;
			defaultConfigurationName = Debug;
		};
		1F19A37925795948008225F3 /* Build configuration list for PBXNativeTarget "StashCoachUITests" */ = {
			isa = XCConfigurationList;
			buildConfigurations = (
				1F19A37A25795948008225F3 /* Debug */,
				1F19A37B25795948008225F3 /* Release */,
				1F01DB3C257C679600E1F219 /* Release Test */,
			);
			defaultConfigurationIsVisible = 0;
			defaultConfigurationName = Debug;
		};
/* End XCConfigurationList section */

/* Begin XCVersionGroup section */
		1F19A35225795945008225F3 /* StashCoach.xcdatamodeld */ = {
			isa = XCVersionGroup;
			children = (
				1F19A35325795945008225F3 /* StashCoach.xcdatamodel */,
			);
			currentVersion = 1F19A35325795945008225F3 /* StashCoach.xcdatamodel */;
			path = StashCoach.xcdatamodeld;
			sourceTree = "<group>";
			versionGroupType = wrapper.xcdatamodel;
		};
/* End XCVersionGroup section */
	};
	rootObject = 1F19A33E25795945008225F3 /* Project object */;
}
